
Microsoft Visual Studio Solution File, Format Version 12.00
# Visual Studio 2015
Project("{FAE04EC0-301F-11D3-BF4B-00C04F79EFBC}") = "Ascend2Git", "Ascend2Git.csproj", "{99241713-3D96-DFB7-2D01-F1E186631F40}"
EndProject
Global
	GlobalSection(SolutionConfigurationPlatforms) = preSolution
		Debug|Any CPU = Debug|Any CPU
		Release|Any CPU = Release|Any CPU
	EndGlobalSection
	GlobalSection(ProjectConfigurationPlatforms) = postSolution
		{99241713-3D96-DFB7-2D01-F1E186631F40}.Debug|Any CPU.ActiveCfg = Debug|Any CPU
		{99241713-3D96-DFB7-2D01-F1E186631F40}.Debug|Any CPU.Build.0 = Debug|Any CPU
		{99241713-3D96-DFB7-2D01-F1E186631F40}.Release|Any CPU.ActiveCfg = Release|Any CPU
		{99241713-3D96-DFB7-2D01-F1E186631F40}.Release|Any CPU.Build.0 = Release|Any CPU
	EndGlobalSection
	GlobalSection(SolutionProperties) = preSolution
		HideSolutionNode = FALSE
	EndGlobalSection
EndGlobal
